# THIS IS AN AUTOGENERATED FILE. DO NOT EDIT THIS FILE DIRECTLY.
# yarn lockfile v1


ansi-regex@^4.1.0:
  version "4.1.0"
  resolved "https://registry.yarnpkg.com/ansi-regex/-/ansi-regex-4.1.0.tgz#8b9f8f08cf1acb843756a839ca8c7e3168c51997"
  integrity sha512-1apePfXM1UOSqw0o9IiFAovVz9M5S1Dg+4TrDwfMewQ6p/rmMueb7tWZjQ1rx4Loy1ArBggoqGpfqqdI4rondg==

chalk@^5.0.0:
  version "5.0.0"
  resolved "https://registry.yarnpkg.com/chalk/-/chalk-5.0.0.tgz#bd96c6bb8e02b96e08c0c3ee2a9d90e050c7b832"
  integrity sha512-/duVOqst+luxCQRKEo4bNxinsOQtMP80ZYm7mMqzuh5PociNL0PvmHFvREJ9ueYL2TxlHjBcmLCdmocx9Vg+IQ==

csv-generate@^4.0.4:
  version "4.0.4"
  resolved "https://registry.yarnpkg.com/csv-generate/-/csv-generate-4.0.4.tgz#c780c35ec5b23481d7cf37abd147a4fbdf8c94ad"
  integrity sha512-6/0FOBbF4O+EBSAYsfOXBjIFhyPpfeeeuWEM4XJQhc/6TvDDL9AGFQNPh2SKlFx7VYERBDmZAWnITgaa+z4BJA==

csv-parse@^5.0.4:
  version "5.0.4"
  resolved "https://registry.yarnpkg.com/csv-parse/-/csv-parse-5.0.4.tgz#97e5e654413bcf95f2714ce09bcb2be6de0eb8e3"
  integrity sha512-5AIdl8l6n3iYQYxan5djB5eKDa+vBnhfWZtRpJTcrETWfVLYN0WSj3L9RwvgYt+psoO77juUr8TG8qpfGZifVQ==

csv-stringify@^6.0.5:
  version "6.0.5"
  resolved "https://registry.yarnpkg.com/csv-stringify/-/csv-stringify-6.0.5.tgz#3474a4fe784249eb5c91d455f616e1f70961cdc0"
  integrity sha512-7xpV3uweJCFF/Ssn56l3xsR/k2r3UqszwjEhej9qEn2cCPzyK1WyHCgoUVzBA792x8HbwonNX7CU9XM2K5s5yw==

csv@^6.0.5:
  version "6.0.5"
  resolved "https://registry.yarnpkg.com/csv/-/csv-6.0.5.tgz#e7823b1d9c8a35d7ec03801e3e80c3fb0d1d5247"
  integrity sha512-VyII851P4BvzMsXenhtR7g3mARmZ3HvBX16PD85E8IOoxyvNT9e74egbfdkYBj5SGHh1LphCWXeQvskijH+kfg==
  dependencies:
    csv-generate "^4.0.4"
    csv-parse "^5.0.4"
    csv-stringify "^6.0.5"
    stream-transform "^3.0.4"

prompt-sync@^4.2.0:
  version "4.2.0"
  resolved "https://registry.yarnpkg.com/prompt-sync/-/prompt-sync-4.2.0.tgz#0198f73c5b70e3b03e4b9033a50540a7c9a1d7f4"
  integrity sha512-BuEzzc5zptP5LsgV5MZETjDaKSWfchl5U9Luiu8SKp7iZWD5tZalOxvNcZRwv+d2phNFr8xlbxmFNcRKfJOzJw==
  dependencies:
    strip-ansi "^5.0.0"

stream-transform@^3.0.4:
  version "3.0.4"
  resolved "https://registry.yarnpkg.com/stream-transform/-/stream-transform-3.0.4.tgz#aae97911ea3adf2cd25976655ec3201fb714fda8"
  integrity sha512-g2jbk1hs3GiF3oHZLbR7Fph/PXh/3xHoz/D8aR2oHySE4xVUvNeTGqihhb1vxFjYyu4inqiTfT42g2MHBjjx0g==

strip-ansi@^5.0.0:
  version "5.2.0"
  resolved "https://registry.yarnpkg.com/strip-ansi/-/strip-ansi-5.2.0.tgz#8c9a536feb6afc962bdfa5b104a5091c1ad9c0ae"
  integrity sha512-DuRs1gKbBqsMKIZlrffwlug8MHkcnpjs5VPmL1PAh+mA30U0DTotfDZ0d2UUsXpPmPmMMJ6W773MaA3J+lbiWA==
  dependencies:
    ansi-regex "^4.1.0"
